
Microsoft Visual Studio Solution File, Format Version 12.00
# Visual Studio Version 17
VisualStudioVersion = 17.1.32210.238
MinimumVisualStudioVersion = 10.0.40219.1
Project("{9A19103F-16F7-4668-BE54-9A1E7A4F7556}") = "Api", "Api\Api.csproj", "{4FC6A13E-39AE-4651-BD5A-E2625780A21B}"
EndProject
Project("{9A19103F-16F7-4668-BE54-9A1E7A4F7556}") = "Core", "Core\Core.csproj", "{404EB958-E216-44A4-B3B4-190F532BB089}"
EndProject
Project("{9A19103F-16F7-4668-BE54-9A1E7A4F7556}") = "Data", "Data\Data.csproj", "{7BC58BAE-B3B8-45D5-B4D4-1A5F8298D123}"
EndProject
Project("{9A19103F-16F7-4668-BE54-9A1E7A4F7556}") = "Service", "Service\Service.csproj", "{498AB897-8408-4A6C-8BDE-E4D18A44404E}"
EndProject
Project("{9A19103F-16F7-4668-BE54-9A1E7A4F7556}") = "Shared", "Shared\Shared.csproj", "{7A38AEA6-43CB-4FC5-87C0-C270646714A4}"
EndProject
Project("{FAE04EC0-301F-11D3-BF4B-00C04F79EFBC}") = "Test", "Test\Test.csproj", "{C18C317A-F853-4778-AC2F-DC1A60767604}"
EndProject
Global
	GlobalSection(SolutionConfigurationPlatforms) = preSolution
		Debug|Any CPU = Debug|Any CPU
		Release|Any CPU = Release|Any CPU
	EndGlobalSection
	GlobalSection(ProjectConfigurationPlatforms) = postSolution
		{4FC6A13E-39AE-4651-BD5A-E2625780A21B}.Debug|Any CPU.ActiveCfg = Debug|Any CPU
		{4FC6A13E-39AE-4651-BD5A-E2625780A21B}.Debug|Any CPU.Build.0 = Debug|Any CPU
		{4FC6A13E-39AE-4651-BD5A-E2625780A21B}.Release|Any CPU.ActiveCfg = Release|Any CPU
		{4FC6A13E-39AE-4651-BD5A-E2625780A21B}.Release|Any CPU.Build.0 = Release|Any CPU
		{404EB958-E216-44A4-B3B4-190F532BB089}.Debug|Any CPU.ActiveCfg = Debug|Any CPU
		{404EB958-E216-44A4-B3B4-190F532BB089}.Debug|Any CPU.Build.0 = Debug|Any CPU
		{404EB958-E216-44A4-B3B4-190F532BB089}.Release|Any CPU.ActiveCfg = Release|Any CPU
		{404EB958-E216-44A4-B3B4-190F532BB089}.Release|Any CPU.Build.0 = Release|Any CPU
		{7BC58BAE-B3B8-45D5-B4D4-1A5F8298D123}.Debug|Any CPU.ActiveCfg = Debug|Any CPU
		{7BC58BAE-B3B8-45D5-B4D4-1A5F8298D123}.Debug|Any CPU.Build.0 = Debug|Any CPU
		{7BC58BAE-B3B8-45D5-B4D4-1A5F8298D123}.Release|Any CPU.ActiveCfg = Release|Any CPU
		{7BC58BAE-B3B8-45D5-B4D4-1A5F8298D123}.Release|Any CPU.Build.0 = Release|Any CPU
		{498AB897-8408-4A6C-8BDE-E4D18A44404E}.Debug|Any CPU.ActiveCfg = Debug|Any CPU
		{498AB897-8408-4A6C-8BDE-E4D18A44404E}.Debug|Any CPU.Build.0 = Debug|Any CPU
		{498AB897-8408-4A6C-8BDE-E4D18A44404E}.Release|Any CPU.ActiveCfg = Release|Any CPU
		{498AB897-8408-4A6C-8BDE-E4D18A44404E}.Release|Any CPU.Build.0 = Release|Any CPU
		{7A38AEA6-43CB-4FC5-87C0-C270646714A4}.Debug|Any CPU.ActiveCfg = Debug|Any CPU
		{7A38AEA6-43CB-4FC5-87C0-C270646714A4}.Debug|Any CPU.Build.0 = Debug|Any CPU
		{7A38AEA6-43CB-4FC5-87C0-C270646714A4}.Release|Any CPU.ActiveCfg = Release|Any CPU
		{7A38AEA6-43CB-4FC5-87C0-C270646714A4}.Release|Any CPU.Build.0 = Release|Any CPU
		{C18C317A-F853-4778-AC2F-DC1A60767604}.Debug|Any CPU.ActiveCfg = Debug|Any CPU
		{C18C317A-F853-4778-AC2F-DC1A60767604}.Debug|Any CPU.Build.0 = Debug|Any CPU
		{C18C317A-F853-4778-AC2F-DC1A60767604}.Release|Any CPU.ActiveCfg = Release|Any CPU
		{C18C317A-F853-4778-AC2F-DC1A60767604}.Release|Any CPU.Build.0 = Release|Any CPU
	EndGlobalSection
	GlobalSection(SolutionProperties) = preSolution
		HideSolutionNode = FALSE
	EndGlobalSection
	GlobalSection(ExtensibilityGlobals) = postSolution
		SolutionGuid = {4AFA6837-920C-4194-A03B-C662FC42F7B3}
	EndGlobalSection
EndGlobal
